version = 1
revision = 3
requires-python = ">=3.12"

[[package]]
name = "gitdb"
version = "4.0.12"
source = { registry = "https://pypi.org/simple" }
dependencies = [
    { name = "smmap" },
]
sdist = { url = "https://files.pythonhosted.org/packages/72/94/63b0fc47eb32792c7ba1fe1b694daec9a63620db1e313033d18140c2320a/gitdb-4.0.12.tar.gz", hash = "sha256:5ef71f855d191a3326fcfbc0d5da835f26b13fbcba60c32c21091c349ffdb571", size = 394684, upload-time = "2025-01-02T07:20:46.413Z" }
wheels = [
    { url = "https://files.pythonhosted.org/packages/a0/61/5c78b91c3143ed5c14207f463aecfc8f9dbb5092fb2869baf37c273b2705/gitdb-4.0.12-py3-none-any.whl", hash = "sha256:67073e15955400952c6565cc3e707c554a4eea2e428946f7a4c162fab9bd9bcf", size = 62794, upload-time = "2025-01-02T07:20:43.624Z" },
]

[[package]]
name = "gitpython"
version = "3.1.58"
source = { registry = "https://pypi.org/simple" }
dependencies = [
    { name = "gitdb" },
]
sdist = { url = "https://files.pythonhosted.org/packages/26/d6/5f358ff283325580c2003a6d953aea18cfe10ae87b46f5ebc80fa3a386dc/gitpython-3.1.58.tar.gz", hash = "sha256:621416df10ef3fd0e19fabf9172ddeed0fa704d353d04f194eec56a625a95b22", size = 228498, upload-time = "2026-08-04T15:05:49.47Z" }
wheels = [
    { url = "https://files.pythonhosted.org/packages/ec/0c/9d8752098bc442f0726e64aa6135940b3a96809915d1aa4206c1bb97881d/gitpython-3.1.58-py3-none-any.whl", hash = "sha256:d331e722577f0fd7fc1f857419b3ecc07af66282b933d2a4d95f84a042fdd50f", size = 220183, upload-time = "2026-08-04T15:05:48.025Z" },
]

[[package]]
name = "pyfakeuse"
version = "0.0.9"
source = { registry = "https://pypi.org/simple" }
sdist = { url = "https://files.pythonhosted.org/packages/94/7a/f0d3368a9ecff95600d02a5282c88bc6b45c84e732ba00b8989259ad9b56/pyfakeuse-0.0.9.tar.gz", hash = "sha256:625ee300df13d957a93b68bb040b9718b7eabd3e78ada40f51448376821bd8bf", size = 2741, upload-time = "2024-10-12T11:54:38.569Z" }
wheels = [
    { url = "https://files.pythonhosted.org/packages/0f/29/8d0672f6c7423764e3e05ed22f85271ff1213e9d0eb6a3c5932b9d565bfb/pyfakeuse-0.0.9-py3-none-any.whl", hash = "sha256:ee5ae925b0ff9e6fcf785df6f4197104d809b5ba68fb373dc77da55280716f96", size = 3135, upload-time = "2024-10-12T11:54:36.99Z" },
]

[[package]]
name = "pymultienv"
version = "0.0.5"
source = { editable = "." }
dependencies = [
    { name = "gitpython" },
    { name = "pyfakeuse" },
]

[package.metadata]
requires-dist = [
    { name = "gitpython" },
    { name = "pyfakeuse" },
]

[[package]]
name = "smmap"
version = "5.0.3"
source = { registry = "https://pypi.org/simple" }
sdist = { url = "https://files.pythonhosted.org/packages/1f/ea/49c993d6dfdd7338c9b1000a0f36817ed7ec84577ae2e52f890d1a4ff909/smmap-5.0.3.tar.gz", hash = "sha256:4d9debb8b99007ae47165abc08670bd74cb74b5227dda7f643eccc4e9eb5642c", size = 22506, upload-time = "2026-03-09T03:43:26.1Z" }
wheels = [
    { url = "https://files.pythonhosted.org/packages/c1/d4/59e74daffcb57a07668852eeeb6035af9f32cbfd7a1d2511f17d2fe6a738/smmap-5.0.3-py3-none-any.whl", hash = "sha256:c106e05d5a61449cf6ba9a1e650227ecfb141590d2a98412103ff35d89fc7b2f", size = 24390, upload-time = "2026-03-09T03:43:24.361Z" },
]
